
Microsoft Visual Studio Solution File, Format Version 12.00
# Visual Studio 15
VisualStudioVersion = 15.0.28307.489
MinimumVisualStudioVersion = 10.0.40219.1
Project("{9A19103F-16F7-4668-BE54-9A1E7A4F7556}") = "SLinkedList", "LinkedList\SLinkedList.csproj", "{F5AB6E6E-0127-400E-88C1-C315DF1C787A}"
EndProject
Project("{9A19103F-16F7-4668-BE54-9A1E7A4F7556}") = "TestLinkedList", "TestLinkedList\TestLinkedList.csproj", "{A37324A0-BF0D-4920-A50C-840EEBF7E4B2}"
EndProject
Global
	GlobalSection(SolutionConfigurationPlatforms) = preSolution
		Debug|Any CPU = Debug|Any CPU
		Release|Any CPU = Release|Any CPU
	EndGlobalSection
	GlobalSection(ProjectConfigurationPlatforms) = postSolution
		{F5AB6E6E-0127-400E-88C1-C315DF1C787A}.Debug|Any CPU.ActiveCfg = Debug|Any CPU
		{F5AB6E6E-0127-400E-88C1-C315DF1C787A}.Debug|Any CPU.Build.0 = Debug|Any CPU
		{F5AB6E6E-0127-400E-88C1-C315DF1C787A}.Release|Any CPU.ActiveCfg = Release|Any CPU
		{F5AB6E6E-0127-400E-88C1-C315DF1C787A}.Release|Any CPU.Build.0 = Release|Any CPU
		{A37324A0-BF0D-4920-A50C-840EEBF7E4B2}.Debug|Any CPU.ActiveCfg = Debug|Any CPU
		{A37324A0-BF0D-4920-A50C-840EEBF7E4B2}.Debug|Any CPU.Build.0 = Debug|Any CPU
		{A37324A0-BF0D-4920-A50C-840EEBF7E4B2}.Release|Any CPU.ActiveCfg = Release|Any CPU
		{A37324A0-BF0D-4920-A50C-840EEBF7E4B2}.Release|Any CPU.Build.0 = Release|Any CPU
	EndGlobalSection
	GlobalSection(SolutionProperties) = preSolution
		HideSolutionNode = FALSE
	EndGlobalSection
	GlobalSection(ExtensibilityGlobals) = postSolution
		SolutionGuid = {2B16E6E5-CF29-44A9-9B6E-1D02F5ED2E86}
	EndGlobalSection
EndGlobal
