
Microsoft Visual Studio Solution File, Format Version 12.00
# Visual Studio 15
VisualStudioVersion = 15.0.28307.489
MinimumVisualStudioVersion = 10.0.40219.1
Project("{FAE04EC0-301F-11D3-BF4B-00C04F79EFBC}") = "BinarySearch", "BinarySearch\BinarySearch.csproj", "{4D0A45B6-A7BD-4F95-B615-38B2F0E027B2}"
EndProject
Project("{FAE04EC0-301F-11D3-BF4B-00C04F79EFBC}") = "BinarySearchTests", "BinarySearchTests\BinarySearchTests.csproj", "{38C7B49E-E247-4825-8F8B-7D7AFD212B1C}"
EndProject
Global
	GlobalSection(SolutionConfigurationPlatforms) = preSolution
		Debug|Any CPU = Debug|Any CPU
		Release|Any CPU = Release|Any CPU
	EndGlobalSection
	GlobalSection(ProjectConfigurationPlatforms) = postSolution
		{4D0A45B6-A7BD-4F95-B615-38B2F0E027B2}.Debug|Any CPU.ActiveCfg = Debug|Any CPU
		{4D0A45B6-A7BD-4F95-B615-38B2F0E027B2}.Debug|Any CPU.Build.0 = Debug|Any CPU
		{4D0A45B6-A7BD-4F95-B615-38B2F0E027B2}.Release|Any CPU.ActiveCfg = Release|Any CPU
		{4D0A45B6-A7BD-4F95-B615-38B2F0E027B2}.Release|Any CPU.Build.0 = Release|Any CPU
		{38C7B49E-E247-4825-8F8B-7D7AFD212B1C}.Debug|Any CPU.ActiveCfg = Debug|Any CPU
		{38C7B49E-E247-4825-8F8B-7D7AFD212B1C}.Debug|Any CPU.Build.0 = Debug|Any CPU
		{38C7B49E-E247-4825-8F8B-7D7AFD212B1C}.Release|Any CPU.ActiveCfg = Release|Any CPU
		{38C7B49E-E247-4825-8F8B-7D7AFD212B1C}.Release|Any CPU.Build.0 = Release|Any CPU
	EndGlobalSection
	GlobalSection(SolutionProperties) = preSolution
		HideSolutionNode = FALSE
	EndGlobalSection
	GlobalSection(ExtensibilityGlobals) = postSolution
		SolutionGuid = {1B62D6C2-546A-416C-AF6D-4AFD1F515965}
	EndGlobalSection
EndGlobal
