
Microsoft Visual Studio Solution File, Format Version 12.00
# Visual Studio 15
VisualStudioVersion = 15.0.28307.572
MinimumVisualStudioVersion = 10.0.40219.1
Project("{FAE04EC0-301F-11D3-BF4B-00C04F79EFBC}") = "Challenges", "Challenges\Challenges.csproj", "{00E29519-0C22-4C3F-B81B-672A8A318417}"
EndProject
Project("{FAE04EC0-301F-11D3-BF4B-00C04F79EFBC}") = "TestChallenges", "TestChallenges\TestChallenges.csproj", "{2F54A271-9ED8-41D6-B846-22ED07A91753}"
EndProject
Global
	GlobalSection(SolutionConfigurationPlatforms) = preSolution
		Debug|Any CPU = Debug|Any CPU
		Release|Any CPU = Release|Any CPU
	EndGlobalSection
	GlobalSection(ProjectConfigurationPlatforms) = postSolution
		{00E29519-0C22-4C3F-B81B-672A8A318417}.Debug|Any CPU.ActiveCfg = Debug|Any CPU
		{00E29519-0C22-4C3F-B81B-672A8A318417}.Debug|Any CPU.Build.0 = Debug|Any CPU
		{00E29519-0C22-4C3F-B81B-672A8A318417}.Release|Any CPU.ActiveCfg = Release|Any CPU
		{00E29519-0C22-4C3F-B81B-672A8A318417}.Release|Any CPU.Build.0 = Release|Any CPU
		{2F54A271-9ED8-41D6-B846-22ED07A91753}.Debug|Any CPU.ActiveCfg = Debug|Any CPU
		{2F54A271-9ED8-41D6-B846-22ED07A91753}.Debug|Any CPU.Build.0 = Debug|Any CPU
		{2F54A271-9ED8-41D6-B846-22ED07A91753}.Release|Any CPU.ActiveCfg = Release|Any CPU
		{2F54A271-9ED8-41D6-B846-22ED07A91753}.Release|Any CPU.Build.0 = Release|Any CPU
	EndGlobalSection
	GlobalSection(SolutionProperties) = preSolution
		HideSolutionNode = FALSE
	EndGlobalSection
	GlobalSection(ExtensibilityGlobals) = postSolution
		SolutionGuid = {6CA1C50A-AB37-400D-A7E6-D4744C1BDFC2}
	EndGlobalSection
EndGlobal
